
Microsoft Visual Studio Solution File, Format Version 12.00
# Visual Studio Version 16
VisualStudioVersion = 16.0.29519.181
MinimumVisualStudioVersion = 10.0.40219.1
Project("{FAE04EC0-301F-11D3-BF4B-00C04F79EFBC}") = "GameOverlayExtension", "GameOverlayExtension\GameOverlayExtension.csproj", "{F4FB7DDD-429B-4D2D-874E-388AC4EEB659}"
EndProject
Project("{9A19103F-16F7-4668-BE54-9A1E7A4F7556}") = "GameOverlay", "..\GameOverlay.Net\source\GameOverlay\GameOverlay.csproj", "{8CF5B91F-44F7-4CEF-BE68-D87D9339FA37}"
EndProject
Project("{FAE04EC0-301F-11D3-BF4B-00C04F79EFBC}") = "OverlayWrapperTester", "OverlayWrapperTester\OverlayWrapperTester.csproj", "{C0041A0C-0CBD-4D64-9D7A-B5A513E0BD32}"
EndProject
Global
	GlobalSection(SolutionConfigurationPlatforms) = preSolution
		Debug|Any CPU = Debug|Any CPU
		Release|Any CPU = Release|Any CPU
	EndGlobalSection
	GlobalSection(ProjectConfigurationPlatforms) = postSolution
		{F4FB7DDD-429B-4D2D-874E-388AC4EEB659}.Debug|Any CPU.ActiveCfg = Debug|Any CPU
		{F4FB7DDD-429B-4D2D-874E-388AC4EEB659}.Debug|Any CPU.Build.0 = Debug|Any CPU
		{F4FB7DDD-429B-4D2D-874E-388AC4EEB659}.Release|Any CPU.ActiveCfg = Release|Any CPU
		{F4FB7DDD-429B-4D2D-874E-388AC4EEB659}.Release|Any CPU.Build.0 = Release|Any CPU
		{8CF5B91F-44F7-4CEF-BE68-D87D9339FA37}.Debug|Any CPU.ActiveCfg = Debug|Any CPU
		{8CF5B91F-44F7-4CEF-BE68-D87D9339FA37}.Debug|Any CPU.Build.0 = Debug|Any CPU
		{8CF5B91F-44F7-4CEF-BE68-D87D9339FA37}.Release|Any CPU.ActiveCfg = Release|Any CPU
		{8CF5B91F-44F7-4CEF-BE68-D87D9339FA37}.Release|Any CPU.Build.0 = Release|Any CPU
		{C0041A0C-0CBD-4D64-9D7A-B5A513E0BD32}.Debug|Any CPU.ActiveCfg = Debug|Any CPU
		{C0041A0C-0CBD-4D64-9D7A-B5A513E0BD32}.Debug|Any CPU.Build.0 = Debug|Any CPU
		{C0041A0C-0CBD-4D64-9D7A-B5A513E0BD32}.Release|Any CPU.ActiveCfg = Release|Any CPU
		{C0041A0C-0CBD-4D64-9D7A-B5A513E0BD32}.Release|Any CPU.Build.0 = Release|Any CPU
	EndGlobalSection
	GlobalSection(SolutionProperties) = preSolution
		HideSolutionNode = FALSE
	EndGlobalSection
	GlobalSection(ExtensibilityGlobals) = postSolution
		SolutionGuid = {E7CC56C4-0459-44AF-9602-AD794E1D4A61}
	EndGlobalSection
EndGlobal
